
Microsoft Visual Studio Solution File, Format Version 12.00
# Visual Studio 2012
Project("{FAE04EC0-301F-11D3-BF4B-00C04F79EFBC}") = "SCSUEventHubClient", "SCSUEventHubClient\SCSUEventHubClient.csproj", "{1144DB9F-37B2-4ECA-80C4-FD601D83EF47}"
EndProject
Project("{FAE04EC0-301F-11D3-BF4B-00C04F79EFBC}") = "SCSUEventHubClient.Tests", "SCSUEventHubClient.Tests\SCSUEventHubClient.Tests.csproj", "{3EC38280-7340-4E7D-B22D-826875540F5D}"
EndProject
Project("{FAE04EC0-301F-11D3-BF4B-00C04F79EFBC}") = "SCSUEventHubWebAPI", "SCSUEventHubWebAPI\SCSUEventHubWebAPI.csproj", "{3DBB5611-C99C-42B5-9753-1F65BFB2A0D7}"
EndProject
Project("{FAE04EC0-301F-11D3-BF4B-00C04F79EFBC}") = "SCSUEventHubWebAPI.Tests", "SCSUEventHubWebAPI.Tests\SCSUEventHubWebAPI.Tests.csproj", "{B5B3CF8A-1C9A-4AE1-8099-ED5D9A12C72B}"
EndProject
Project("{FAE04EC0-301F-11D3-BF4B-00C04F79EFBC}") = "SCSUEventHubRepository", "SCSUEventHubRepository\SCSUEventHubRepository.csproj", "{811C1F23-25FB-481A-842C-75BC32FB5343}"
EndProject
Project("{FAE04EC0-301F-11D3-BF4B-00C04F79EFBC}") = "SCSUEventHubModels", "SCSUEventHubModels\SCSUEventHubModels.csproj", "{6723C2AE-3954-40E9-AB07-FDFD5A14CE92}"
EndProject
Project("{FAE04EC0-301F-11D3-BF4B-00C04F79EFBC}") = "SCSUEventHubCommon", "SCSUEventHubCommon\SCSUEventHubCommon.csproj", "{C6220C75-6471-4995-9B71-B74C9978B749}"
EndProject
Global
	GlobalSection(SolutionConfigurationPlatforms) = preSolution
		Debug|Any CPU = Debug|Any CPU
		Release|Any CPU = Release|Any CPU
	EndGlobalSection
	GlobalSection(ProjectConfigurationPlatforms) = postSolution
		{1144DB9F-37B2-4ECA-80C4-FD601D83EF47}.Debug|Any CPU.ActiveCfg = Debug|Any CPU
		{1144DB9F-37B2-4ECA-80C4-FD601D83EF47}.Debug|Any CPU.Build.0 = Debug|Any CPU
		{1144DB9F-37B2-4ECA-80C4-FD601D83EF47}.Release|Any CPU.ActiveCfg = Release|Any CPU
		{1144DB9F-37B2-4ECA-80C4-FD601D83EF47}.Release|Any CPU.Build.0 = Release|Any CPU
		{3EC38280-7340-4E7D-B22D-826875540F5D}.Debug|Any CPU.ActiveCfg = Debug|Any CPU
		{3EC38280-7340-4E7D-B22D-826875540F5D}.Debug|Any CPU.Build.0 = Debug|Any CPU
		{3EC38280-7340-4E7D-B22D-826875540F5D}.Release|Any CPU.ActiveCfg = Release|Any CPU
		{3EC38280-7340-4E7D-B22D-826875540F5D}.Release|Any CPU.Build.0 = Release|Any CPU
		{3DBB5611-C99C-42B5-9753-1F65BFB2A0D7}.Debug|Any CPU.ActiveCfg = Debug|Any CPU
		{3DBB5611-C99C-42B5-9753-1F65BFB2A0D7}.Debug|Any CPU.Build.0 = Debug|Any CPU
		{3DBB5611-C99C-42B5-9753-1F65BFB2A0D7}.Release|Any CPU.ActiveCfg = Release|Any CPU
		{3DBB5611-C99C-42B5-9753-1F65BFB2A0D7}.Release|Any CPU.Build.0 = Release|Any CPU
		{B5B3CF8A-1C9A-4AE1-8099-ED5D9A12C72B}.Debug|Any CPU.ActiveCfg = Debug|Any CPU
		{B5B3CF8A-1C9A-4AE1-8099-ED5D9A12C72B}.Debug|Any CPU.Build.0 = Debug|Any CPU
		{B5B3CF8A-1C9A-4AE1-8099-ED5D9A12C72B}.Release|Any CPU.ActiveCfg = Release|Any CPU
		{B5B3CF8A-1C9A-4AE1-8099-ED5D9A12C72B}.Release|Any CPU.Build.0 = Release|Any CPU
		{811C1F23-25FB-481A-842C-75BC32FB5343}.Debug|Any CPU.ActiveCfg = Debug|Any CPU
		{811C1F23-25FB-481A-842C-75BC32FB5343}.Debug|Any CPU.Build.0 = Debug|Any CPU
		{811C1F23-25FB-481A-842C-75BC32FB5343}.Release|Any CPU.ActiveCfg = Release|Any CPU
		{811C1F23-25FB-481A-842C-75BC32FB5343}.Release|Any CPU.Build.0 = Release|Any CPU
		{6723C2AE-3954-40E9-AB07-FDFD5A14CE92}.Debug|Any CPU.ActiveCfg = Debug|Any CPU
		{6723C2AE-3954-40E9-AB07-FDFD5A14CE92}.Debug|Any CPU.Build.0 = Debug|Any CPU
		{6723C2AE-3954-40E9-AB07-FDFD5A14CE92}.Release|Any CPU.ActiveCfg = Release|Any CPU
		{6723C2AE-3954-40E9-AB07-FDFD5A14CE92}.Release|Any CPU.Build.0 = Release|Any CPU
		{C6220C75-6471-4995-9B71-B74C9978B749}.Debug|Any CPU.ActiveCfg = Debug|Any CPU
		{C6220C75-6471-4995-9B71-B74C9978B749}.Debug|Any CPU.Build.0 = Debug|Any CPU
		{C6220C75-6471-4995-9B71-B74C9978B749}.Release|Any CPU.ActiveCfg = Release|Any CPU
		{C6220C75-6471-4995-9B71-B74C9978B749}.Release|Any CPU.Build.0 = Release|Any CPU
	EndGlobalSection
	GlobalSection(SolutionProperties) = preSolution
		HideSolutionNode = FALSE
	EndGlobalSection
EndGlobal
